{
  "name": "scripts",
  "version": "file:../../../../repos/barry/skills/send-pretty-slack/scripts",
  "lockfileVersion": 3,
  "requires": true,
  "packages": {
    "": {
      "dependencies": {
        "@tryfabric/mack": "^1.2.1"
      }
    },
    "../../../../repos/barry/skills/send-pretty-slack/scripts/node_modules/@slack/types": {
      "version": "2.20.1",
      "resolved": "https://registry.npmjs.org/@slack/types/-/types-2.20.1.tgz",
      "integrity": "sha512-eWX2mdt1ktpn8+40iiMc404uGrih+2fxiky3zBcPjtXKj6HLRdYlmhrPkJi7JTJm8dpXR6BWVWEDBXtaWMKD6A==",
      "license": "MIT",
      "engines": {
        "node": ">= 12.13.0",
        "npm": ">= 6.12.0"
      }
    },
    "../../../../repos/barry/skills/send-pretty-slack/scripts/node_modules/@tryfabric/mack": {
      "version": "1.2.1",
      "resolved": "https://registry.npmjs.org/@tryfabric/mack/-/mack-1.2.1.tgz",
      "integrity": "sha512-qQKj3l4x/7fWPHyk3zO3hPK2NUTH8AINJnVbdBYforWpm+6RDzp22gFIE66BJd2z7EFmt7F9aUOyZTKwmxiXrA==",
      "license": "MIT",
      "dependencies": {
        "@slack/types": "^2.1.0",
        "fast-xml-parser": "^4.0.6",
        "marked": "^4.0.12"
      }
    },
    "../../../../repos/barry/skills/send-pretty-slack/scripts/node_modules/fast-xml-parser": {
      "version": "4.5.6",
      "resolved": "https://registry.npmjs.org/fast-xml-parser/-/fast-xml-parser-4.5.6.tgz",
      "integrity": "sha512-Yd4vkROfJf8AuJrDIVMVmYfULKmIJszVsMv7Vo71aocsKgFxpdlpSHXSaInvyYfgw2PRuObQSW2GFpVMUjxu9A==",
      "funding": [
        {
          "type": "github",
          "url": "https://github.com/sponsors/NaturalIntelligence"
        }
      ],
      "license": "MIT",
      "dependencies": {
        "strnum": "^1.0.5"
      },
      "bin": {
        "fxparser": "src/cli/cli.js"
      }
    },
    "../../../../repos/barry/skills/send-pretty-slack/scripts/node_modules/marked": {
      "version": "4.3.0",
      "resolved": "https://registry.npmjs.org/marked/-/marked-4.3.0.tgz",
      "integrity": "sha512-PRsaiG84bK+AMvxziE/lCFss8juXjNaWzVbN5tXAm4XjeaS9NAHhop+PjQxz2A9h8Q4M/xGmzP8vqNwy6JeK0A==",
      "license": "MIT",
      "bin": {
        "marked": "bin/marked.js"
      },
      "engines": {
        "node": ">= 12"
      }
    },
    "../../../../repos/barry/skills/send-pretty-slack/scripts/node_modules/strnum": {
      "version": "1.1.2",
      "resolved": "https://registry.npmjs.org/strnum/-/strnum-1.1.2.tgz",
      "integrity": "sha512-vrN+B7DBIoTTZjnPNewwhx6cBA/H+IS7rfW68n7XxC1y7uoiGQBxaKzqucGUgavX15dJgiGztLJ8vxuEzwqBdA==",
      "funding": [
        {
          "type": "github",
          "url": "https://github.com/sponsors/NaturalIntelligence"
        }
      ],
      "license": "MIT"
    }
  }
}
