lockfileVersion: '9.0'

settings:
  autoInstallPeers: true
  excludeLinksFromLockfile: false

importers:

  .:
    dependencies:
      '@barry/md-to-slack-blocks':
        specifier: file:../../../../barry/packages/md-to-slack-blocks
        version: file:../../../../barry/packages/md-to-slack-blocks

packages:

  '@barry/md-to-slack-blocks@file:../../../../barry/packages/md-to-slack-blocks':
    resolution: {directory: ../../../../barry/packages/md-to-slack-blocks, type: directory}

snapshots:

  '@barry/md-to-slack-blocks@file:../../../../barry/packages/md-to-slack-blocks': {}
